
Microsoft Visual Studio Solution File, Format Version 12.00
# Visual Studio Version 17
VisualStudioVersion = 17.9.34728.123
MinimumVisualStudioVersion = 10.0.40219.1
Project("{FAE04EC0-301F-11D3-BF4B-00C04F79EFBC}") = "pr_4", "pr_4\pr_4.csproj", "{7BDE1D3E-14D6-4444-8B20-26C049C7DC27}"
EndProject
Global
	GlobalSection(SolutionConfigurationPlatforms) = preSolution
		Debug|Any CPU = Debug|Any CPU
		Release|Any CPU = Release|Any CPU
	EndGlobalSection
	GlobalSection(ProjectConfigurationPlatforms) = postSolution
		{7BDE1D3E-14D6-4444-8B20-26C049C7DC27}.Debug|Any CPU.ActiveCfg = Debug|Any CPU
		{7BDE1D3E-14D6-4444-8B20-26C049C7DC27}.Debug|Any CPU.Build.0 = Debug|Any CPU
		{7BDE1D3E-14D6-4444-8B20-26C049C7DC27}.Release|Any CPU.ActiveCfg = Release|Any CPU
		{7BDE1D3E-14D6-4444-8B20-26C049C7DC27}.Release|Any CPU.Build.0 = Release|Any CPU
	EndGlobalSection
	GlobalSection(SolutionProperties) = preSolution
		HideSolutionNode = FALSE
	EndGlobalSection
	GlobalSection(ExtensibilityGlobals) = postSolution
		SolutionGuid = {FAF393CB-457E-4F22-8470-27180870093D}
	EndGlobalSection
EndGlobal
