
Microsoft Visual Studio Solution File, Format Version 12.00
# Visual Studio Version 17
VisualStudioVersion = 17.9.34728.123
MinimumVisualStudioVersion = 10.0.40219.1
Project("{FAE04EC0-301F-11D3-BF4B-00C04F79EFBC}") = "pr_15", "pr_15\pr_15.csproj", "{5834A2D4-6354-4284-87B8-C4EBF5373C8E}"
EndProject
Global
	GlobalSection(SolutionConfigurationPlatforms) = preSolution
		Debug|Any CPU = Debug|Any CPU
		Release|Any CPU = Release|Any CPU
	EndGlobalSection
	GlobalSection(ProjectConfigurationPlatforms) = postSolution
		{5834A2D4-6354-4284-87B8-C4EBF5373C8E}.Debug|Any CPU.ActiveCfg = Debug|Any CPU
		{5834A2D4-6354-4284-87B8-C4EBF5373C8E}.Debug|Any CPU.Build.0 = Debug|Any CPU
		{5834A2D4-6354-4284-87B8-C4EBF5373C8E}.Release|Any CPU.ActiveCfg = Release|Any CPU
		{5834A2D4-6354-4284-87B8-C4EBF5373C8E}.Release|Any CPU.Build.0 = Release|Any CPU
	EndGlobalSection
	GlobalSection(SolutionProperties) = preSolution
		HideSolutionNode = FALSE
	EndGlobalSection
	GlobalSection(ExtensibilityGlobals) = postSolution
		SolutionGuid = {385FCEC8-91E6-4A9A-B0DB-5F6F6E234EAA}
	EndGlobalSection
EndGlobal
