
Microsoft Visual Studio Solution File, Format Version 12.00
# Visual Studio Version 17
VisualStudioVersion = 17.9.34728.123
MinimumVisualStudioVersion = 10.0.40219.1
Project("{FAE04EC0-301F-11D3-BF4B-00C04F79EFBC}") = "pr_12", "pr_12\pr_12.csproj", "{9EC1D78E-F5B6-484F-9F11-1C5AE6963E75}"
EndProject
Global
	GlobalSection(SolutionConfigurationPlatforms) = preSolution
		Debug|Any CPU = Debug|Any CPU
		Release|Any CPU = Release|Any CPU
	EndGlobalSection
	GlobalSection(ProjectConfigurationPlatforms) = postSolution
		{9EC1D78E-F5B6-484F-9F11-1C5AE6963E75}.Debug|Any CPU.ActiveCfg = Debug|Any CPU
		{9EC1D78E-F5B6-484F-9F11-1C5AE6963E75}.Debug|Any CPU.Build.0 = Debug|Any CPU
		{9EC1D78E-F5B6-484F-9F11-1C5AE6963E75}.Release|Any CPU.ActiveCfg = Release|Any CPU
		{9EC1D78E-F5B6-484F-9F11-1C5AE6963E75}.Release|Any CPU.Build.0 = Release|Any CPU
	EndGlobalSection
	GlobalSection(SolutionProperties) = preSolution
		HideSolutionNode = FALSE
	EndGlobalSection
	GlobalSection(ExtensibilityGlobals) = postSolution
		SolutionGuid = {27D3BC7A-0B85-4D62-A61A-EBF600E01033}
	EndGlobalSection
EndGlobal
